github.com/BurntSushi/toml v0.3.1 h1:WXkYYl6Yr3qBf1K79EBnL4mak0OimBfB0XUf9Vl28OQ=
github.com/BurntSushi/toml v0.3.1/go.mod h1:xHWCNGjB5oqiDr8zfno3MHue2Ht5sIBksp03qcyfWMU=
github.com/sijms/go-ora v0.0.0-20201230204601-9c6316265b76 h1:umH+0mrURmfhKAZKVeJdYTTScImjbhC+TCcCQOn64pE=
github.com/sijms/go-ora v0.0.0-20201230204601-9c6316265b76/go.mod h1:5lB62c+JHe5Q+/5knBlCzxwL5P4WYP+B6+X7DoLQBfc=
